Categories:
  - Theming
License: Apache-2.0
AuthorName: Roman Nurik
AuthorWebSite: https://roman.nurik.net/
SourceCode: https://github.com/romannurik/dashclock/
IssueTracker: https://github.com/romannurik/dashclock/issues
Changelog: https://github.com/romannurik/dashclock/wiki/Changelog
CurrentVersionCode: 2147483647
Name: DashClock Widget